// !$*UTF8*$!
{
	archiveVersion = 1;
	classes = {
	};
	objectVersion = 77;
	objects = {

/* Begin PBXBuildFile section */
		1454375E3E72FDE50554A0B2 /* RecordsView.swift in Sources */ = {isa = PBXBuildFile; fileRef = F8F53D917352EA9CE0CF0551 /* RecordsView.swift */; };
		165991252E30FB908B7F2A7C /* APIClient.swift in Sources */ = {isa = PBXBuildFile; fileRef = 27A72C6AF2485854C613CFB9 /* APIClient.swift */; };
		27E8DC1F713CA4B541C79348 /* Models.swift in Sources */ = {isa = PBXBuildFile; fileRef = AF85C8E8DB4B774843D36360 /* Models.swift */; };
		31DCD75EC3BE3E42F5AA3D01 /* ForecastLocationView.swift in Sources */ = {isa = PBXBuildFile; fileRef = F93E326D8CD0FEACC773FB5D /* ForecastLocationView.swift */; };
		36DF71775CA10EFBCCB890DC /* FeatureDetailView.swift in Sources */ = {isa = PBXBuildFile; fileRef = F7F8AD254C9DDDC4D94671FC /* FeatureDetailView.swift */; };
		36FC8CB8AA48FCBAB70E89D4 /* IssueDot.swift in Sources */ = {isa = PBXBuildFile; fileRef = 8C3271F55A4E4DC82DFAC9C8 /* IssueDot.swift */; };
		4C1CEEF0234B7943433E4D0B /* RouteModel.swift in Sources */ = {isa = PBXBuildFile; fileRef = F8009DD2B1ADA033717F7A27 /* RouteModel.swift */; };
		54F279F9E4BACEA31855F36C /* FeedbackView.swift in Sources */ = {isa = PBXBuildFile; fileRef = C4F367EF998545092A64CDF4 /* FeedbackView.swift */; };
		593F707656A75CFB2A7597E0 /* Assets.xcassets in Resources */ = {isa = PBXBuildFile; fileRef = 5A5F1CD3DBF5C9D393CA8565 /* Assets.xcassets */; };
		5EF6B282BAD97EEE52D13875 /* LocationManager.swift in Sources */ = {isa = PBXBuildFile; fileRef = 9602AC947FCC1F5D5BC67344 /* LocationManager.swift */; };
		6B93D1BCC5432F81068462C8 /* ContentView.swift in Sources */ = {isa = PBXBuildFile; fileRef = D6B173F83BB98418B424FCCB /* ContentView.swift */; };
		76CC123E1164CD44BEBAACA5 /* ReportMapGestureTests.swift in Sources */ = {isa = PBXBuildFile; fileRef = 58404279D52FB2B32AB02A15 /* ReportMapGestureTests.swift */; };
		7B63EDD05D7709D31623BA50 /* ReportModel.swift in Sources */ = {isa = PBXBuildFile; fileRef = A1153D102155F783F52088DC /* ReportModel.swift */; };
		81F5501E0BF2239E80AF996F /* ControlsView.swift in Sources */ = {isa = PBXBuildFile; fileRef = C21BCA4A4F1EDF4FF1820E35 /* ControlsView.swift */; };
		924929ACA2452263F8322965 /* AppRootView.swift in Sources */ = {isa = PBXBuildFile; fileRef = 406AEFE76766BF0A820C36B5 /* AppRootView.swift */; };
		95DA72B468AADC63CAD773C8 /* ReportWebView.swift in Sources */ = {isa = PBXBuildFile; fileRef = 513A98A65ECDEA9679828244 /* ReportWebView.swift */; };
		9A29D24500F35BF018060953 /* ConnectivityTests.swift in Sources */ = {isa = PBXBuildFile; fileRef = 04A3AFDCAFF5F824263E8B60 /* ConnectivityTests.swift */; };
		B4953CD1B99239C08B005ACE /* UnignorableApp.swift in Sources */ = {isa = PBXBuildFile; fileRef = 8ACD8B0345DB3CD64AC7306B /* UnignorableApp.swift */; };
		B785753C9F2CEC2E43B2F67F /* WalkingPlannerView.swift in Sources */ = {isa = PBXBuildFile; fileRef = 7B700EAACCEFCE6B06AF6208 /* WalkingPlannerView.swift */; };
		C2B52927C6878427762132CF /* AppTheme.swift in Sources */ = {isa = PBXBuildFile; fileRef = 3C61BCC57BD6705F81489F54 /* AppTheme.swift */; };
		C4CE6810315AE1F6E6029BBE /* PrivacyInfo.xcprivacy in Resources */ = {isa = PBXBuildFile; fileRef = 2B097D8E124BE5CF452BD937 /* PrivacyInfo.xcprivacy */; };
		CB760A819E64D9982B8C1741 /* ModelDecodingTests.swift in Sources */ = {isa = PBXBuildFile; fileRef = 7BEE0C9315E1080ADC9CAE77 /* ModelDecodingTests.swift */; };
		CE25524E9A87611A437D8B15 /* ReportIssueDetailView.swift in Sources */ = {isa = PBXBuildFile; fileRef = 3A47EE0B0EB35FC643A2AEB7 /* ReportIssueDetailView.swift */; };
		FCBE3E00E2360B16F15BD219 /* DirectionsView.swift in Sources */ = {isa = PBXBuildFile; fileRef = 51DEEA9289CFD4A4DFF7BB6E /* DirectionsView.swift */; };
/* End PBXBuildFile section */

/* Begin PBXContainerItemProxy section */
		1F9107B9DEA50530B24AD630 /* PBXContainerItemProxy */ = {
			isa = PBXContainerItemProxy;
			containerPortal = DA6B93220E3EB643612BE834 /* Project object */;
			proxyType = 1;
			remoteGlobalIDString = 1D27E4A769A61FEB67B7B67B;
			remoteInfo = Unignorable;
		};
		EB1D290B85BD1AF030181014 /* PBXContainerItemProxy */ = {
			isa = PBXContainerItemProxy;
			containerPortal = DA6B93220E3EB643612BE834 /* Project object */;
			proxyType = 1;
			remoteGlobalIDString = 1D27E4A769A61FEB67B7B67B;
			remoteInfo = Unignorable;
		};
/* End PBXContainerItemProxy section */

/* Begin PBXFileReference section */
		04A3AFDCAFF5F824263E8B60 /* ConnectivityTests.swift */ = {isa = PBXFileReference; lastKnownFileType = sourcecode.swift; path = ConnectivityTests.swift; sourceTree = "<group>"; };
		234167257CC2D57E395DD495 /* UnignorableUITests.xctest */ = {isa = PBXFileReference; includeInIndex = 0; lastKnownFileType = wrapper.cfbundle; path = UnignorableUITests.xctest; sourceTree = BUILT_PRODUCTS_DIR; };
		27A72C6AF2485854C613CFB9 /* APIClient.swift */ = {isa = PBXFileReference; lastKnownFileType = sourcecode.swift; path = APIClient.swift; sourceTree = "<group>"; };
		2B097D8E124BE5CF452BD937 /* PrivacyInfo.xcprivacy */ = {isa = PBXFileReference; path = PrivacyInfo.xcprivacy; sourceTree = "<group>"; };
		3A47EE0B0EB35FC643A2AEB7 /* ReportIssueDetailView.swift */ = {isa = PBXFileReference; lastKnownFileType = sourcecode.swift; path = ReportIssueDetailView.swift; sourceTree = "<group>"; };
		3C61BCC57BD6705F81489F54 /* AppTheme.swift */ = {isa = PBXFileReference; lastKnownFileType = sourcecode.swift; path = AppTheme.swift; sourceTree = "<group>"; };
		406AEFE76766BF0A820C36B5 /* AppRootView.swift */ = {isa = PBXFileReference; lastKnownFileType = sourcecode.swift; path = AppRootView.swift; sourceTree = "<group>"; };
		4C1C0494433464B3E259D866 /* Unignorable.app */ = {isa = PBXFileReference; includeInIndex = 0; lastKnownFileType = wrapper.application; path = Unignorable.app; sourceTree = BUILT_PRODUCTS_DIR; };
		513A98A65ECDEA9679828244 /* ReportWebView.swift */ = {isa = PBXFileReference; lastKnownFileType = sourcecode.swift; path = ReportWebView.swift; sourceTree = "<group>"; };
		51DEEA9289CFD4A4DFF7BB6E /* DirectionsView.swift */ = {isa = PBXFileReference; lastKnownFileType = sourcecode.swift; path = DirectionsView.swift; sourceTree = "<group>"; };
		58404279D52FB2B32AB02A15 /* ReportMapGestureTests.swift */ = {isa = PBXFileReference; lastKnownFileType = sourcecode.swift; path = ReportMapGestureTests.swift; sourceTree = "<group>"; };
		5A5F1CD3DBF5C9D393CA8565 /* Assets.xcassets */ = {isa = PBXFileReference; lastKnownFileType = folder.assetcatalog; path = Assets.xcassets; sourceTree = "<group>"; };
		783DA24498492CF0A9315FFA /* Info.plist */ = {isa = PBXFileReference; lastKnownFileType = text.plist; path = Info.plist; sourceTree = "<group>"; };
		7B700EAACCEFCE6B06AF6208 /* WalkingPlannerView.swift */ = {isa = PBXFileReference; lastKnownFileType = sourcecode.swift; path = WalkingPlannerView.swift; sourceTree = "<group>"; };
		7BEE0C9315E1080ADC9CAE77 /* ModelDecodingTests.swift */ = {isa = PBXFileReference; lastKnownFileType = sourcecode.swift; path = ModelDecodingTests.swift; sourceTree = "<group>"; };
		8ACD8B0345DB3CD64AC7306B /* UnignorableApp.swift */ = {isa = PBXFileReference; lastKnownFileType = sourcecode.swift; path = UnignorableApp.swift; sourceTree = "<group>"; };
		8C3271F55A4E4DC82DFAC9C8 /* IssueDot.swift */ = {isa = PBXFileReference; lastKnownFileType = sourcecode.swift; path = IssueDot.swift; sourceTree = "<group>"; };
		9602AC947FCC1F5D5BC67344 /* LocationManager.swift */ = {isa = PBXFileReference; lastKnownFileType = sourcecode.swift; path = LocationManager.swift; sourceTree = "<group>"; };
		A1153D102155F783F52088DC /* ReportModel.swift */ = {isa = PBXFileReference; lastKnownFileType = sourcecode.swift; path = ReportModel.swift; sourceTree = "<group>"; };
		AF85C8E8DB4B774843D36360 /* Models.swift */ = {isa = PBXFileReference; lastKnownFileType = sourcecode.swift; path = Models.swift; sourceTree = "<group>"; };
		C21BCA4A4F1EDF4FF1820E35 /* ControlsView.swift */ = {isa = PBXFileReference; lastKnownFileType = sourcecode.swift; path = ControlsView.swift; sourceTree = "<group>"; };
		C4F367EF998545092A64CDF4 /* FeedbackView.swift */ = {isa = PBXFileReference; lastKnownFileType = sourcecode.swift; path = FeedbackView.swift; sourceTree = "<group>"; };
		D6B173F83BB98418B424FCCB /* ContentView.swift */ = {isa = PBXFileReference; lastKnownFileType = sourcecode.swift; path = ContentView.swift; sourceTree = "<group>"; };
		F156D39CCED282E4E353C1FF /* UnignorableTests.xctest */ = {isa = PBXFileReference; includeInIndex = 0; lastKnownFileType = wrapper.cfbundle; path = UnignorableTests.xctest; sourceTree = BUILT_PRODUCTS_DIR; };
		F7F8AD254C9DDDC4D94671FC /* FeatureDetailView.swift */ = {isa = PBXFileReference; lastKnownFileType = sourcecode.swift; path = FeatureDetailView.swift; sourceTree = "<group>"; };
		F8009DD2B1ADA033717F7A27 /* RouteModel.swift */ = {isa = PBXFileReference; lastKnownFileType = sourcecode.swift; path = RouteModel.swift; sourceTree = "<group>"; };
		F8F53D917352EA9CE0CF0551 /* RecordsView.swift */ = {isa = PBXFileReference; lastKnownFileType = sourcecode.swift; path = RecordsView.swift; sourceTree = "<group>"; };
		F93E326D8CD0FEACC773FB5D /* ForecastLocationView.swift */ = {isa = PBXFileReference; lastKnownFileType = sourcecode.swift; path = ForecastLocationView.swift; sourceTree = "<group>"; };
/* End PBXFileReference section */

/* Begin PBXGroup section */
		22296D990CBA208C21D3DFB5 /* UnignorableUITests */ = {
			isa = PBXGroup;
			children = (
				58404279D52FB2B32AB02A15 /* ReportMapGestureTests.swift */,
			);
			path = UnignorableUITests;
			sourceTree = "<group>";
		};
		77D038A3D445000C2B9AFFE8 /* UnignorableTests */ = {
			isa = PBXGroup;
			children = (
				04A3AFDCAFF5F824263E8B60 /* ConnectivityTests.swift */,
				7BEE0C9315E1080ADC9CAE77 /* ModelDecodingTests.swift */,
			);
			path = UnignorableTests;
			sourceTree = "<group>";
		};
		907D5DF6A09CFDF8F24B8239 = {
			isa = PBXGroup;
			children = (
				9F79D8848C41C628004A561B /* Sources */,
				77D038A3D445000C2B9AFFE8 /* UnignorableTests */,
				22296D990CBA208C21D3DFB5 /* UnignorableUITests */,
				EE2F21CF1914B292A955322E /* Products */,
			);
			sourceTree = "<group>";
		};
		9F79D8848C41C628004A561B /* Sources */ = {
			isa = PBXGroup;
			children = (
				27A72C6AF2485854C613CFB9 /* APIClient.swift */,
				406AEFE76766BF0A820C36B5 /* AppRootView.swift */,
				3C61BCC57BD6705F81489F54 /* AppTheme.swift */,
				5A5F1CD3DBF5C9D393CA8565 /* Assets.xcassets */,
				D6B173F83BB98418B424FCCB /* ContentView.swift */,
				C21BCA4A4F1EDF4FF1820E35 /* ControlsView.swift */,
				51DEEA9289CFD4A4DFF7BB6E /* DirectionsView.swift */,
				F7F8AD254C9DDDC4D94671FC /* FeatureDetailView.swift */,
				C4F367EF998545092A64CDF4 /* FeedbackView.swift */,
				F93E326D8CD0FEACC773FB5D /* ForecastLocationView.swift */,
				783DA24498492CF0A9315FFA /* Info.plist */,
				8C3271F55A4E4DC82DFAC9C8 /* IssueDot.swift */,
				9602AC947FCC1F5D5BC67344 /* LocationManager.swift */,
				AF85C8E8DB4B774843D36360 /* Models.swift */,
				2B097D8E124BE5CF452BD937 /* PrivacyInfo.xcprivacy */,
				F8F53D917352EA9CE0CF0551 /* RecordsView.swift */,
				3A47EE0B0EB35FC643A2AEB7 /* ReportIssueDetailView.swift */,
				A1153D102155F783F52088DC /* ReportModel.swift */,
				513A98A65ECDEA9679828244 /* ReportWebView.swift */,
				F8009DD2B1ADA033717F7A27 /* RouteModel.swift */,
				8ACD8B0345DB3CD64AC7306B /* UnignorableApp.swift */,
				7B700EAACCEFCE6B06AF6208 /* WalkingPlannerView.swift */,
			);
			name = Sources;
			path = Unignorable/Sources;
			sourceTree = "<group>";
		};
		EE2F21CF1914B292A955322E /* Products */ = {
			isa = PBXGroup;
			children = (
				4C1C0494433464B3E259D866 /* Unignorable.app */,
				F156D39CCED282E4E353C1FF /* UnignorableTests.xctest */,
				234167257CC2D57E395DD495 /* UnignorableUITests.xctest */,
			);
			name = Products;
			sourceTree = "<group>";
		};
/* End PBXGroup section */

/* Begin PBXNativeTarget section */
		1D27E4A769A61FEB67B7B67B /* Unignorable */ = {
			isa = PBXNativeTarget;
			buildConfigurationList = 7E556D8AD606D29AB487AC0E /* Build configuration list for PBXNativeTarget "Unignorable" */;
			buildPhases = (
				22579DFC356C2402CC335DA2 /* Sources */,
				FF19C232C72FE99737D56266 /* Resources */,
			);
			buildRules = (
			);
			dependencies = (
			);
			name = Unignorable;
			packageProductDependencies = (
			);
			productName = Unignorable;
			productReference = 4C1C0494433464B3E259D866 /* Unignorable.app */;
			productType = "com.apple.product-type.application";
		};
		84087AE9C1DAE89653B6F924 /* UnignorableUITests */ = {
			isa = PBXNativeTarget;
			buildConfigurationList = B7ECDDE9A9CAF6E9686829CE /* Build configuration list for PBXNativeTarget "UnignorableUITests" */;
			buildPhases = (
				19F800EE0ADBCCCDC983B4D7 /* Sources */,
			);
			buildRules = (
			);
			dependencies = (
				3C3B306F117A93C76713D50F /* PBXTargetDependency */,
			);
			name = UnignorableUITests;
			packageProductDependencies = (
			);
			productName = UnignorableUITests;
			productReference = 234167257CC2D57E395DD495 /* UnignorableUITests.xctest */;
			productType = "com.apple.product-type.bundle.ui-testing";
		};
		F1ACB27A6F36DF8BF138400A /* UnignorableTests */ = {
			isa = PBXNativeTarget;
			buildConfigurationList = 1F70C8A635003A83EDD76B89 /* Build configuration list for PBXNativeTarget "UnignorableTests" */;
			buildPhases = (
				5719F42F7D298C56429A6171 /* Sources */,
			);
			buildRules = (
			);
			dependencies = (
				3CAA3AC4EA6AE8B172ABD971 /* PBXTargetDependency */,
			);
			name = UnignorableTests;
			packageProductDependencies = (
			);
			productName = UnignorableTests;
			productReference = F156D39CCED282E4E353C1FF /* UnignorableTests.xctest */;
			productType = "com.apple.product-type.bundle.unit-test";
		};
/* End PBXNativeTarget section */

/* Begin PBXProject section */
		DA6B93220E3EB643612BE834 /* Project object */ = {
			isa = PBXProject;
			attributes = {
				BuildIndependentTargetsInParallel = YES;
				LastUpgradeCheck = 2600;
				TargetAttributes = {
					1D27E4A769A61FEB67B7B67B = {
						DevelopmentTeam = 99US464DK4;
						ProvisioningStyle = Automatic;
					};
					84087AE9C1DAE89653B6F924 = {
						DevelopmentTeam = 99US464DK4;
						ProvisioningStyle = Automatic;
						TestTargetID = 1D27E4A769A61FEB67B7B67B;
					};
					F1ACB27A6F36DF8BF138400A = {
						DevelopmentTeam = 99US464DK4;
						ProvisioningStyle = Automatic;
					};
				};
			};
			buildConfigurationList = 64915D0F5F6BE1A4C73DE9EE /* Build configuration list for PBXProject "Unignorable" */;
			developmentRegion = en;
			hasScannedForEncodings = 0;
			knownRegions = (
				Base,
				en,
			);
			mainGroup = 907D5DF6A09CFDF8F24B8239;
			minimizedProjectReferenceProxies = 1;
			preferredProjectObjectVersion = 77;
			productRefGroup = EE2F21CF1914B292A955322E /* Products */;
			projectDirPath = "";
			projectRoot = "";
			targets = (
				1D27E4A769A61FEB67B7B67B /* Unignorable */,
				F1ACB27A6F36DF8BF138400A /* UnignorableTests */,
				84087AE9C1DAE89653B6F924 /* UnignorableUITests */,
			);
		};
/* End PBXProject section */

/* Begin PBXResourcesBuildPhase section */
		FF19C232C72FE99737D56266 /* Resources */ = {
			isa = PBXResourcesBuildPhase;
			buildActionMask = 2147483647;
			files = (
				593F707656A75CFB2A7597E0 /* Assets.xcassets in Resources */,
				C4CE6810315AE1F6E6029BBE /* PrivacyInfo.xcprivacy in Resources */,
			);
			runOnlyForDeploymentPostprocessing = 0;
		};
/* End PBXResourcesBuildPhase section */

/* Begin PBXSourcesBuildPhase section */
		19F800EE0ADBCCCDC983B4D7 /* Sources */ = {
			isa = PBXSourcesBuildPhase;
			buildActionMask = 2147483647;
			files = (
				76CC123E1164CD44BEBAACA5 /* ReportMapGestureTests.swift in Sources */,
			);
			runOnlyForDeploymentPostprocessing = 0;
		};
		22579DFC356C2402CC335DA2 /* Sources */ = {
			isa = PBXSourcesBuildPhase;
			buildActionMask = 2147483647;
			files = (
				165991252E30FB908B7F2A7C /* APIClient.swift in Sources */,
				924929ACA2452263F8322965 /* AppRootView.swift in Sources */,
				C2B52927C6878427762132CF /* AppTheme.swift in Sources */,
				6B93D1BCC5432F81068462C8 /* ContentView.swift in Sources */,
				81F5501E0BF2239E80AF996F /* ControlsView.swift in Sources */,
				FCBE3E00E2360B16F15BD219 /* DirectionsView.swift in Sources */,
				36DF71775CA10EFBCCB890DC /* FeatureDetailView.swift in Sources */,
				54F279F9E4BACEA31855F36C /* FeedbackView.swift in Sources */,
				31DCD75EC3BE3E42F5AA3D01 /* ForecastLocationView.swift in Sources */,
				36FC8CB8AA48FCBAB70E89D4 /* IssueDot.swift in Sources */,
				5EF6B282BAD97EEE52D13875 /* LocationManager.swift in Sources */,
				27E8DC1F713CA4B541C79348 /* Models.swift in Sources */,
				1454375E3E72FDE50554A0B2 /* RecordsView.swift in Sources */,
				CE25524E9A87611A437D8B15 /* ReportIssueDetailView.swift in Sources */,
				7B63EDD05D7709D31623BA50 /* ReportModel.swift in Sources */,
				95DA72B468AADC63CAD773C8 /* ReportWebView.swift in Sources */,
				4C1CEEF0234B7943433E4D0B /* RouteModel.swift in Sources */,
				B4953CD1B99239C08B005ACE /* UnignorableApp.swift in Sources */,
				B785753C9F2CEC2E43B2F67F /* WalkingPlannerView.swift in Sources */,
			);
			runOnlyForDeploymentPostprocessing = 0;
		};
		5719F42F7D298C56429A6171 /* Sources */ = {
			isa = PBXSourcesBuildPhase;
			buildActionMask = 2147483647;
			files = (
				9A29D24500F35BF018060953 /* ConnectivityTests.swift in Sources */,
				CB760A819E64D9982B8C1741 /* ModelDecodingTests.swift in Sources */,
			);
			runOnlyForDeploymentPostprocessing = 0;
		};
/* End PBXSourcesBuildPhase section */

/* Begin PBXTargetDependency section */
		3C3B306F117A93C76713D50F /* PBXTargetDependency */ = {
			isa = PBXTargetDependency;
			target = 1D27E4A769A61FEB67B7B67B /* Unignorable */;
			targetProxy = 1F9107B9DEA50530B24AD630 /* PBXContainerItemProxy */;
		};
		3CAA3AC4EA6AE8B172ABD971 /* PBXTargetDependency */ = {
			isa = PBXTargetDependency;
			target = 1D27E4A769A61FEB67B7B67B /* Unignorable */;
			targetProxy = EB1D290B85BD1AF030181014 /* PBXContainerItemProxy */;
		};
/* End PBXTargetDependency section */

/* Begin XCBuildConfiguration section */
		560B6FB8CEC217A435C0577E /* Debug */ = {
			isa = XCBuildConfiguration;
			buildSettings = {
				BUNDLE_LOADER = "$(TEST_HOST)";
				GENERATE_INFOPLIST_FILE = YES;
				LD_RUNPATH_SEARCH_PATHS = (
					"$(inherited)",
					"@executable_path/Frameworks",
					"@loader_path/Frameworks",
				);
				PRODUCT_BUNDLE_IDENTIFIER = com.curbnote.app.tests;
				SDKROOT = iphoneos;
				TARGETED_DEVICE_FAMILY = "1,2";
				TEST_HOST = "$(BUILT_PRODUCTS_DIR)/Unignorable.app/Unignorable";
			};
			name = Debug;
		};
		626D08DD5F4DFBD7521E2B73 /* Debug */ = {
			isa = XCBuildConfiguration;
			buildSettings = {
				ASSETCATALOG_COMPILER_APPICON_NAME = AppIcon;
				CODE_SIGN_IDENTITY = "iPhone Developer";
				INFOPLIST_FILE = Unignorable/Sources/Info.plist;
				LD_RUNPATH_SEARCH_PATHS = (
					"$(inherited)",
					"@executable_path/Frameworks",
				);
				PRODUCT_BUNDLE_IDENTIFIER = com.curbnote.app;
				SDKROOT = iphoneos;
				SUPPORTED_INTERFACE_ORIENTATIONS = UIInterfaceOrientationPortrait;
				TARGETED_DEVICE_FAMILY = 1;
			};
			name = Debug;
		};
		86E8FFEF793063E6A49D4FE2 /* Release */ = {
			isa = XCBuildConfiguration;
			buildSettings = {
				BUNDLE_LOADER = "$(TEST_HOST)";
				GENERATE_INFOPLIST_FILE = YES;
				LD_RUNPATH_SEARCH_PATHS = (
					"$(inherited)",
					"@executable_path/Frameworks",
					"@loader_path/Frameworks",
				);
				PRODUCT_BUNDLE_IDENTIFIER = "com.curbnote.app.ui-tests";
				SDKROOT = iphoneos;
				TARGETED_DEVICE_FAMILY = "1,2";
				TEST_TARGET_NAME = Unignorable;
			};
			name = Release;
		};
		AD35ADC9A91818AA95A48662 /* Release */ = {
			isa = XCBuildConfiguration;
			buildSettings = {
				ALWAYS_SEARCH_USER_PATHS = NO;
				CLANG_ANALYZER_NONNULL = YES;
				CLANG_ANALYZER_NUMBER_OBJECT_CONVERSION = YES_AGGRESSIVE;
				CLANG_CXX_LANGUAGE_STANDARD = "gnu++14";
				CLANG_CXX_LIBRARY = "libc++";
				CLANG_ENABLE_MODULES = YES;
				CLANG_ENABLE_OBJC_ARC = YES;
				CLANG_ENABLE_OBJC_WEAK = YES;
				CLANG_WARN_BLOCK_CAPTURE_AUTORELEASING = YES;
				CLANG_WARN_BOOL_CONVERSION = YES;
				CLANG_WARN_COMMA = YES;
				CLANG_WARN_CONSTANT_CONVERSION = YES;
				CLANG_WARN_DEPRECATED_OBJC_IMPLEMENTATIONS = YES;
				CLANG_WARN_DIRECT_OBJC_ISA_USAGE = YES_ERROR;
				CLANG_WARN_DOCUMENTATION_COMMENTS = YES;
				CLANG_WARN_EMPTY_BODY = YES;
				CLANG_WARN_ENUM_CONVERSION = YES;
				CLANG_WARN_INFINITE_RECURSION = YES;
				CLANG_WARN_INT_CONVERSION = YES;
				CLANG_WARN_NON_LITERAL_NULL_CONVERSION = YES;
				CLANG_WARN_OBJC_IMPLICIT_RETAIN_SELF = YES;
				CLANG_WARN_OBJC_LITERAL_CONVERSION = YES;
				CLANG_WARN_OBJC_ROOT_CLASS = YES_ERROR;
				CLANG_WARN_QUOTED_INCLUDE_IN_FRAMEWORK_HEADER = YES;
				CLANG_WARN_RANGE_LOOP_ANALYSIS = YES;
				CLANG_WARN_STRICT_PROTOTYPES = YES;
				CLANG_WARN_SUSPICIOUS_MOVE = YES;
				CLANG_WARN_UNGUARDED_AVAILABILITY = YES_AGGRESSIVE;
				CLANG_WARN_UNREACHABLE_CODE = YES;
				CLANG_WARN__DUPLICATE_METHOD_MATCH = YES;
				CODE_SIGN_STYLE = Automatic;
				COPY_PHASE_STRIP = NO;
				CURRENT_PROJECT_VERSION = 4;
				DEBUG_INFORMATION_FORMAT = "dwarf-with-dsym";
				DEVELOPMENT_TEAM = 99US464DK4;
				ENABLE_NS_ASSERTIONS = NO;
				ENABLE_STRICT_OBJC_MSGSEND = YES;
				GCC_C_LANGUAGE_STANDARD = gnu11;
				GCC_NO_COMMON_BLOCKS = YES;
				GCC_WARN_64_TO_32_BIT_CONVERSION = YES;
				GCC_WARN_ABOUT_RETURN_TYPE = YES_ERROR;
				GCC_WARN_UNDECLARED_SELECTOR = YES;
				GCC_WARN_UNINITIALIZED_AUTOS = YES_AGGRESSIVE;
				GCC_WARN_UNUSED_FUNCTION = YES;
				GCC_WARN_UNUSED_VARIABLE = YES;
				IPHONEOS_DEPLOYMENT_TARGET = 17.0;
				MARKETING_VERSION = 1.0.0;
				MTL_ENABLE_DEBUG_INFO = NO;
				MTL_FAST_MATH = YES;
				PRODUCT_NAME = "$(TARGET_NAME)";
				SDKROOT = iphoneos;
				SWIFT_COMPILATION_MODE = wholemodule;
				SWIFT_OPTIMIZATION_LEVEL = "-O";
				SWIFT_VERSION = 6.0;
			};
			name = Release;
		};
		BD68AB79B3794B2744B638AF /* Release */ = {
			isa = XCBuildConfiguration;
			buildSettings = {
				ASSETCATALOG_COMPILER_APPICON_NAME = AppIcon;
				CODE_SIGN_IDENTITY = "iPhone Developer";
				INFOPLIST_FILE = Unignorable/Sources/Info.plist;
				LD_RUNPATH_SEARCH_PATHS = (
					"$(inherited)",
					"@executable_path/Frameworks",
				);
				PRODUCT_BUNDLE_IDENTIFIER = com.curbnote.app;
				SDKROOT = iphoneos;
				SUPPORTED_INTERFACE_ORIENTATIONS = UIInterfaceOrientationPortrait;
				TARGETED_DEVICE_FAMILY = 1;
			};
			name = Release;
		};
		BECBD852FFD2BA156F2B3528 /* Debug */ = {
			isa = XCBuildConfiguration;
			buildSettings = {
				ALWAYS_SEARCH_USER_PATHS = NO;
				CLANG_ANALYZER_NONNULL = YES;
				CLANG_ANALYZER_NUMBER_OBJECT_CONVERSION = YES_AGGRESSIVE;
				CLANG_CXX_LANGUAGE_STANDARD = "gnu++14";
				CLANG_CXX_LIBRARY = "libc++";
				CLANG_ENABLE_MODULES = YES;
				CLANG_ENABLE_OBJC_ARC = YES;
				CLANG_ENABLE_OBJC_WEAK = YES;
				CLANG_WARN_BLOCK_CAPTURE_AUTORELEASING = YES;
				CLANG_WARN_BOOL_CONVERSION = YES;
				CLANG_WARN_COMMA = YES;
				CLANG_WARN_CONSTANT_CONVERSION = YES;
				CLANG_WARN_DEPRECATED_OBJC_IMPLEMENTATIONS = YES;
				CLANG_WARN_DIRECT_OBJC_ISA_USAGE = YES_ERROR;
				CLANG_WARN_DOCUMENTATION_COMMENTS = YES;
				CLANG_WARN_EMPTY_BODY = YES;
				CLANG_WARN_ENUM_CONVERSION = YES;
				CLANG_WARN_INFINITE_RECURSION = YES;
				CLANG_WARN_INT_CONVERSION = YES;
				CLANG_WARN_NON_LITERAL_NULL_CONVERSION = YES;
				CLANG_WARN_OBJC_IMPLICIT_RETAIN_SELF = YES;
				CLANG_WARN_OBJC_LITERAL_CONVERSION = YES;
				CLANG_WARN_OBJC_ROOT_CLASS = YES_ERROR;
				CLANG_WARN_QUOTED_INCLUDE_IN_FRAMEWORK_HEADER = YES;
				CLANG_WARN_RANGE_LOOP_ANALYSIS = YES;
				CLANG_WARN_STRICT_PROTOTYPES = YES;
				CLANG_WARN_SUSPICIOUS_MOVE = YES;
				CLANG_WARN_UNGUARDED_AVAILABILITY = YES_AGGRESSIVE;
				CLANG_WARN_UNREACHABLE_CODE = YES;
				CLANG_WARN__DUPLICATE_METHOD_MATCH = YES;
				CODE_SIGN_STYLE = Automatic;
				COPY_PHASE_STRIP = NO;
				CURRENT_PROJECT_VERSION = 4;
				DEBUG_INFORMATION_FORMAT = dwarf;
				DEVELOPMENT_TEAM = 99US464DK4;
				ENABLE_STRICT_OBJC_MSGSEND = YES;
				ENABLE_TESTABILITY = YES;
				GCC_C_LANGUAGE_STANDARD = gnu11;
				GCC_DYNAMIC_NO_PIC = NO;
				GCC_NO_COMMON_BLOCKS = YES;
				GCC_OPTIMIZATION_LEVEL = 0;
				GCC_PREPROCESSOR_DEFINITIONS = (
					"$(inherited)",
					"DEBUG=1",
				);
				GCC_WARN_64_TO_32_BIT_CONVERSION = YES;
				GCC_WARN_ABOUT_RETURN_TYPE = YES_ERROR;
				GCC_WARN_UNDECLARED_SELECTOR = YES;
				GCC_WARN_UNINITIALIZED_AUTOS = YES_AGGRESSIVE;
				GCC_WARN_UNUSED_FUNCTION = YES;
				GCC_WARN_UNUSED_VARIABLE = YES;
				IPHONEOS_DEPLOYMENT_TARGET = 17.0;
				MARKETING_VERSION = 1.0.0;
				MTL_ENABLE_DEBUG_INFO = INCLUDE_SOURCE;
				MTL_FAST_MATH = YES;
				ONLY_ACTIVE_ARCH = YES;
				PRODUCT_NAME = "$(TARGET_NAME)";
				SDKROOT = iphoneos;
				SWIFT_ACTIVE_COMPILATION_CONDITIONS = DEBUG;
				SWIFT_OPTIMIZATION_LEVEL = "-Onone";
				SWIFT_VERSION = 6.0;
			};
			name = Debug;
		};
		D36700C73BDE885FD53E959D /* Debug */ = {
			isa = XCBuildConfiguration;
			buildSettings = {
				BUNDLE_LOADER = "$(TEST_HOST)";
				GENERATE_INFOPLIST_FILE = YES;
				LD_RUNPATH_SEARCH_PATHS = (
					"$(inherited)",
					"@executable_path/Frameworks",
					"@loader_path/Frameworks",
				);
				PRODUCT_BUNDLE_IDENTIFIER = "com.curbnote.app.ui-tests";
				SDKROOT = iphoneos;
				TARGETED_DEVICE_FAMILY = "1,2";
				TEST_TARGET_NAME = Unignorable;
			};
			name = Debug;
		};
		F49561CA84A2A846673E39CA /* Release */ = {
			isa = XCBuildConfiguration;
			buildSettings = {
				BUNDLE_LOADER = "$(TEST_HOST)";
				GENERATE_INFOPLIST_FILE = YES;
				LD_RUNPATH_SEARCH_PATHS = (
					"$(inherited)",
					"@executable_path/Frameworks",
					"@loader_path/Frameworks",
				);
				PRODUCT_BUNDLE_IDENTIFIER = com.curbnote.app.tests;
				SDKROOT = iphoneos;
				TARGETED_DEVICE_FAMILY = "1,2";
				TEST_HOST = "$(BUILT_PRODUCTS_DIR)/Unignorable.app/Unignorable";
			};
			name = Release;
		};
/* End XCBuildConfiguration section */

/* Begin XCConfigurationList section */
		1F70C8A635003A83EDD76B89 /* Build configuration list for PBXNativeTarget "UnignorableTests" */ = {
			isa = XCConfigurationList;
			buildConfigurations = (
				560B6FB8CEC217A435C0577E /* Debug */,
				F49561CA84A2A846673E39CA /* Release */,
			);
			defaultConfigurationIsVisible = 0;
			defaultConfigurationName = Debug;
		};
		64915D0F5F6BE1A4C73DE9EE /* Build configuration list for PBXProject "Unignorable" */ = {
			isa = XCConfigurationList;
			buildConfigurations = (
				BECBD852FFD2BA156F2B3528 /* Debug */,
				AD35ADC9A91818AA95A48662 /* Release */,
			);
			defaultConfigurationIsVisible = 0;
			defaultConfigurationName = Debug;
		};
		7E556D8AD606D29AB487AC0E /* Build configuration list for PBXNativeTarget "Unignorable" */ = {
			isa = XCConfigurationList;
			buildConfigurations = (
				626D08DD5F4DFBD7521E2B73 /* Debug */,
				BD68AB79B3794B2744B638AF /* Release */,
			);
			defaultConfigurationIsVisible = 0;
			defaultConfigurationName = Debug;
		};
		B7ECDDE9A9CAF6E9686829CE /* Build configuration list for PBXNativeTarget "UnignorableUITests" */ = {
			isa = XCConfigurationList;
			buildConfigurations = (
				D36700C73BDE885FD53E959D /* Debug */,
				86E8FFEF793063E6A49D4FE2 /* Release */,
			);
			defaultConfigurationIsVisible = 0;
			defaultConfigurationName = Debug;
		};
/* End XCConfigurationList section */
	};
	rootObject = DA6B93220E3EB643612BE834 /* Project object */;
}
